PODS:
  - Braintree (4.23.2):
    - Braintree/Card (= 4.23.2)
    - Braintree/Core (= 4.23.2)
    - Braintree/PayPal (= 4.23.2)
    - Braintree/UI (= 4.23.2)
  - Braintree/Card (4.23.2):
    - Braintree/Core
  - Braintree/Core (4.23.2)
  - Braintree/PaymentFlow (4.23.2):
    - Braintree/Card
    - Braintree/Core
    - Braintree/PayPalOneTouch
  - Braintree/PayPal (4.23.2):
    - Braintree/Core
    - Braintree/PayPalOneTouch
  - Braintree/PayPalDataCollector (4.23.2):
    - Braintree/Core
    - Braintree/PayPalUtils
  - Braintree/PayPalOneTouch (4.23.2):
    - Braintree/Core
    - Braintree/PayPalDataCollector
    - Braintree/PayPalUtils
  - Braintree/PayPalUtils (4.23.2)
  - Braintree/UI (4.23.2):
    - Braintree/Card
    - Braintree/Core
  - Braintree/UnionPay (4.23.2):
    - Braintree/Card
    - Braintree/Core
  - BraintreeDropIn (7.2.0):
    - BraintreeDropIn/DropIn (= 7.2.0)
  - BraintreeDropIn/DropIn (7.2.0):
    - Braintree/Card (~> 4.23)
    - Braintree/Core (~> 4.23)
    - Braintree/PaymentFlow (~> 4.23)
    - Braintree/PayPal (~> 4.23)
    - Braintree/UnionPay (~> 4.23)
    - BraintreeDropIn/UIKit
  - BraintreeDropIn/UIKit (7.2.0)

DEPENDENCIES:
  - Braintree
  - BraintreeDropIn

SPEC REPOS:
  https://github.com/cocoapods/specs.git:
    - Braintree
    - BraintreeDropIn

SPEC CHECKSUMS:
  Braintree: 5cc3c4aa3ca86e47928bc055132d394dc465a5b4
  BraintreeDropIn: b63750373474f7ec336118cee40cf767d198a977

PODFILE CHECKSUM: ee95797da9d095601a9bad27997edd9d44b2f7fc

COCOAPODS: 1.7.2
