// !$*UTF8*$!
{
	archiveVersion = 1;
	classes = {
	};
	objectVersion = 50;
	objects = {

/* Begin PBXBuildFile section */
		771ACDDE22BC6C9F00109409 /* AppDelegate.swift in Sources */ = {isa = PBXBuildFile; fileRef = 771ACDDD22BC6C9F00109409 /* AppDelegate.swift */; };
		771ACDE022BC6C9F00109409 /* ViewController.swift in Sources */ = {isa = PBXBuildFile; fileRef = 771ACDDF22BC6C9F00109409 /* ViewController.swift */; };
		771ACDE522BC6CA500109409 /* Assets.xcassets in Resources */ = {isa = PBXBuildFile; fileRef = 771ACDE422BC6CA500109409 /* Assets.xcassets */; };
		771ACDE822BC6CA500109409 /* LaunchScreen.storyboard in Resources */ = {isa = PBXBuildFile; fileRef = 771ACDE622BC6CA500109409 /* LaunchScreen.storyboard */; };
		771ACDF322BC6CA500109409 /* BGXRetailAppTests.swift in Sources */ = {isa = PBXBuildFile; fileRef = 771ACDF222BC6CA500109409 /* BGXRetailAppTests.swift */; };
		776E462222BCAB2B00603693 /* FeaturedStoreData.swift in Sources */ = {isa = PBXBuildFile; fileRef = 776E462122BCAB2B00603693 /* FeaturedStoreData.swift */; };
		779EC43B22BCA2AC000A1255 /* FeaturedCell.swift in Sources */ = {isa = PBXBuildFile; fileRef = 779EC43A22BCA2AC000A1255 /* FeaturedCell.swift */; };
		9E53F0CF22C6204C0064D2CB /* Main.storyboard in Resources */ = {isa = PBXBuildFile; fileRef = 9E53F0CD22C6204C0064D2CB /* Main.storyboard */; };
		9E6AA00D22BF380C00BCFE77 /* DesignableUI.h in Headers */ = {isa = PBXBuildFile; fileRef = 9E6AA00B22BF380C00BCFE77 /* DesignableUI.h */; settings = {ATTRIBUTES = (Public, ); }; };
		9E6AA01022BF380C00BCFE77 /* DesignableUI.framework in Frameworks */ = {isa = PBXBuildFile; fileRef = 9E6AA00922BF380B00BCFE77 /* DesignableUI.framework */; };
		9E6AA01122BF380C00BCFE77 /* DesignableUI.framework in Embed Frameworks */ = {isa = PBXBuildFile; fileRef = 9E6AA00922BF380B00BCFE77 /* DesignableUI.framework */; settings = {ATTRIBUTES = (CodeSignOnCopy, RemoveHeadersOnCopy, ); }; };
		9E6AA01822BF384E00BCFE77 /* RoundedCornerImageView.swift in Sources */ = {isa = PBXBuildFile; fileRef = 9E6AA01722BF384E00BCFE77 /* RoundedCornerImageView.swift */; };
		9E6AA01B22BF731700BCFE77 /* UIView+Extensions.swift in Sources */ = {isa = PBXBuildFile; fileRef = 9E6AA01A22BF731700BCFE77 /* UIView+Extensions.swift */; };
/* End PBXBuildFile section */

/* Begin PBXContainerItemProxy section */
		771ACDEF22BC6CA500109409 /* PBXContainerItemProxy */ = {
			isa = PBXContainerItemProxy;
			containerPortal = 771ACDD222BC6C9F00109409 /* Project object */;
			proxyType = 1;
			remoteGlobalIDString = 771ACDD922BC6C9F00109409;
			remoteInfo = BGXRetailApp;
		};
		9E6AA00E22BF380C00BCFE77 /* PBXContainerItemProxy */ = {
			isa = PBXContainerItemProxy;
			containerPortal = 771ACDD222BC6C9F00109409 /* Project object */;
			proxyType = 1;
			remoteGlobalIDString = 9E6AA00822BF380B00BCFE77;
			remoteInfo = DesignableUI;
		};
/* End PBXContainerItemProxy section */

/* Begin PBXCopyFilesBuildPhase section */
		9E6AA01222BF380C00BCFE77 /* Embed Frameworks */ = {
			isa = PBXCopyFilesBuildPhase;
			buildActionMask = 2147483647;
			dstPath = "";
			dstSubfolderSpec = 10;
			files = (
				9E6AA01122BF380C00BCFE77 /* DesignableUI.framework in Embed Frameworks */,
			);
			name = "Embed Frameworks";
			runOnlyForDeploymentPostprocessing = 0;
		};
/* End PBXCopyFilesBuildPhase section */

/* Begin PBXFileReference section */
		771ACDDA22BC6C9F00109409 /* BGXRetailApp.app */ = {isa = PBXFileReference; explicitFileType = wrapper.application; includeInIndex = 0; path = BGXRetailApp.app; sourceTree = BUILT_PRODUCTS_DIR; };
		771ACDDD22BC6C9F00109409 /* AppDelegate.swift */ = {isa = PBXFileReference; lastKnownFileType = sourcecode.swift; path = AppDelegate.swift; sourceTree = "<group>"; };
		771ACDDF22BC6C9F00109409 /* ViewController.swift */ = {isa = PBXFileReference; lastKnownFileType = sourcecode.swift; path = ViewController.swift; sourceTree = "<group>"; };
		771ACDE422BC6CA500109409 /* Assets.xcassets */ = {isa = PBXFileReference; lastKnownFileType = folder.assetcatalog; path = Assets.xcassets; sourceTree = "<group>"; };
		771ACDE722BC6CA500109409 /* Base */ = {isa = PBXFileReference; lastKnownFileType = file.storyboard; name = Base; path = Base.lproj/LaunchScreen.storyboard; sourceTree = "<group>"; };
		771ACDE922BC6CA500109409 /* Info.plist */ = {isa = PBXFileReference; lastKnownFileType = text.plist.xml; path = Info.plist; sourceTree = "<group>"; };
		771ACDEE22BC6CA500109409 /* BGXRetailAppTests.xctest */ = {isa = PBXFileReference; explicitFileType = wrapper.cfbundle; includeInIndex = 0; path = BGXRetailAppTests.xctest; sourceTree = BUILT_PRODUCTS_DIR; };
		771ACDF222BC6CA500109409 /* BGXRetailAppTests.swift */ = {isa = PBXFileReference; lastKnownFileType = sourcecode.swift; path = BGXRetailAppTests.swift; sourceTree = "<group>"; };
		771ACDF422BC6CA500109409 /* Info.plist */ = {isa = PBXFileReference; lastKnownFileType = text.plist.xml; path = Info.plist; sourceTree = "<group>"; };
		776E462122BCAB2B00603693 /* FeaturedStoreData.swift */ = {isa = PBXFileReference; lastKnownFileType = sourcecode.swift; path = FeaturedStoreData.swift; sourceTree = "<group>"; };
		779EC43A22BCA2AC000A1255 /* FeaturedCell.swift */ = {isa = PBXFileReference; lastKnownFileType = sourcecode.swift; path = FeaturedCell.swift; sourceTree = "<group>"; };
		9E53F0CE22C6204C0064D2CB /* Base */ = {isa = PBXFileReference; lastKnownFileType = file.storyboard; name = Base; path = Base.lproj/Main.storyboard; sourceTree = "<group>"; };
		9E6AA00922BF380B00BCFE77 /* DesignableUI.framework */ = {isa = PBXFileReference; explicitFileType = wrapper.framework; includeInIndex = 0; path = DesignableUI.framework; sourceTree = BUILT_PRODUCTS_DIR; };
		9E6AA00B22BF380C00BCFE77 /* DesignableUI.h */ = {isa = PBXFileReference; lastKnownFileType = sourcecode.c.h; path = DesignableUI.h; sourceTree = "<group>"; };
		9E6AA00C22BF380C00BCFE77 /* Info.plist */ = {isa = PBXFileReference; lastKnownFileType = text.plist.xml; path = Info.plist; sourceTree = "<group>"; };
		9E6AA01722BF384E00BCFE77 /* RoundedCornerImageView.swift */ = {isa = PBXFileReference; lastKnownFileType = sourcecode.swift; path = RoundedCornerImageView.swift; sourceTree = "<group>"; };
		9E6AA01A22BF731700BCFE77 /* UIView+Extensions.swift */ = {isa = PBXFileReference; lastKnownFileType = sourcecode.swift; path = "UIView+Extensions.swift"; sourceTree = "<group>"; };
/* End PBXFileReference section */

/* Begin PBXFrameworksBuildPhase section */
		771ACDD722BC6C9F00109409 /* Frameworks */ = {
			isa = PBXFrameworksBuildPhase;
			buildActionMask = 2147483647;
			files = (
				9E6AA01022BF380C00BCFE77 /* DesignableUI.framework in Frameworks */,
			);
			runOnlyForDeploymentPostprocessing = 0;
		};
		771ACDEB22BC6CA500109409 /* Frameworks */ = {
			isa = PBXFrameworksBuildPhase;
			buildActionMask = 2147483647;
			files = (
			);
			runOnlyForDeploymentPostprocessing = 0;
		};
		9E6AA00622BF380B00BCFE77 /* Frameworks */ = {
			isa = PBXFrameworksBuildPhase;
			buildActionMask = 2147483647;
			files = (
			);
			runOnlyForDeploymentPostprocessing = 0;
		};
/* End PBXFrameworksBuildPhase section */

/* Begin PBXGroup section */
		771ACDD122BC6C9F00109409 = {
			isa = PBXGroup;
			children = (
				771ACDDC22BC6C9F00109409 /* BGXRetailApp */,
				771ACDF122BC6CA500109409 /* BGXRetailAppTests */,
				9E6AA00A22BF380C00BCFE77 /* DesignableUI */,
				771ACDDB22BC6C9F00109409 /* Products */,
			);
			sourceTree = "<group>";
		};
		771ACDDB22BC6C9F00109409 /* Products */ = {
			isa = PBXGroup;
			children = (
				771ACDDA22BC6C9F00109409 /* BGXRetailApp.app */,
				771ACDEE22BC6CA500109409 /* BGXRetailAppTests.xctest */,
				9E6AA00922BF380B00BCFE77 /* DesignableUI.framework */,
			);
			name = Products;
			sourceTree = "<group>";
		};
		771ACDDC22BC6C9F00109409 /* BGXRetailApp */ = {
			isa = PBXGroup;
			children = (
				9E53F0CC22C6204C0064D2CB /* UI */,
				776E462022BCAAF300603693 /* Models */,
				779EC43922BCA27E000A1255 /* Views */,
				771ACDDD22BC6C9F00109409 /* AppDelegate.swift */,
				771ACDDF22BC6C9F00109409 /* ViewController.swift */,
				771ACDE422BC6CA500109409 /* Assets.xcassets */,
				771ACDE622BC6CA500109409 /* LaunchScreen.storyboard */,
				771ACDE922BC6CA500109409 /* Info.plist */,
			);
			path = BGXRetailApp;
			sourceTree = "<group>";
		};
		771ACDF122BC6CA500109409 /* BGXRetailAppTests */ = {
			isa = PBXGroup;
			children = (
				771ACDF222BC6CA500109409 /* BGXRetailAppTests.swift */,
				771ACDF422BC6CA500109409 /* Info.plist */,
			);
			path = BGXRetailAppTests;
			sourceTree = "<group>";
		};
		776E462022BCAAF300603693 /* Models */ = {
			isa = PBXGroup;
			children = (
				776E462122BCAB2B00603693 /* FeaturedStoreData.swift */,
			);
			path = Models;
			sourceTree = "<group>";
		};
		779EC43922BCA27E000A1255 /* Views */ = {
			isa = PBXGroup;
			children = (
				9E6AA01922BF730400BCFE77 /* Extensions */,
				779EC43A22BCA2AC000A1255 /* FeaturedCell.swift */,
			);
			path = Views;
			sourceTree = "<group>";
		};
		9E53F0CC22C6204C0064D2CB /* UI */ = {
			isa = PBXGroup;
			children = (
				9E53F0CD22C6204C0064D2CB /* Main.storyboard */,
			);
			path = UI;
			sourceTree = "<group>";
		};
		9E6AA00A22BF380C00BCFE77 /* DesignableUI */ = {
			isa = PBXGroup;
			children = (
				9E6AA01622BF381A00BCFE77 /* DesignableViews */,
				9E6AA00B22BF380C00BCFE77 /* DesignableUI.h */,
				9E6AA00C22BF380C00BCFE77 /* Info.plist */,
			);
			path = DesignableUI;
			sourceTree = "<group>";
		};
		9E6AA01622BF381A00BCFE77 /* DesignableViews */ = {
			isa = PBXGroup;
			children = (
				9E6AA01722BF384E00BCFE77 /* RoundedCornerImageView.swift */,
			);
			path = DesignableViews;
			sourceTree = "<group>";
		};
		9E6AA01922BF730400BCFE77 /* Extensions */ = {
			isa = PBXGroup;
			children = (
				9E6AA01A22BF731700BCFE77 /* UIView+Extensions.swift */,
			);
			path = Extensions;
			sourceTree = "<group>";
		};
/* End PBXGroup section */

/* Begin PBXHeadersBuildPhase section */
		9E6AA00422BF380B00BCFE77 /* Headers */ = {
			isa = PBXHeadersBuildPhase;
			buildActionMask = 2147483647;
			files = (
				9E6AA00D22BF380C00BCFE77 /* DesignableUI.h in Headers */,
			);
			runOnlyForDeploymentPostprocessing = 0;
		};
/* End PBXHeadersBuildPhase section */

/* Begin PBXNativeTarget section */
		771ACDD922BC6C9F00109409 /* BGXRetailApp */ = {
			isa = PBXNativeTarget;
			buildConfigurationList = 771ACDF722BC6CA500109409 /* Build configuration list for PBXNativeTarget "BGXRetailApp" */;
			buildPhases = (
				771ACDD622BC6C9F00109409 /* Sources */,
				771ACDD722BC6C9F00109409 /* Frameworks */,
				771ACDD822BC6C9F00109409 /* Resources */,
				9E6AA01222BF380C00BCFE77 /* Embed Frameworks */,
			);
			buildRules = (
			);
			dependencies = (
				9E6AA00F22BF380C00BCFE77 /* PBXTargetDependency */,
			);
			name = BGXRetailApp;
			productName = BGXRetailApp;
			productReference = 771ACDDA22BC6C9F00109409 /* BGXRetailApp.app */;
			productType = "com.apple.product-type.application";
		};
		771ACDED22BC6CA500109409 /* BGXRetailAppTests */ = {
			isa = PBXNativeTarget;
			buildConfigurationList = 771ACDFA22BC6CA500109409 /* Build configuration list for PBXNativeTarget "BGXRetailAppTests" */;
			buildPhases = (
				771ACDEA22BC6CA500109409 /* Sources */,
				771ACDEB22BC6CA500109409 /* Frameworks */,
				771ACDEC22BC6CA500109409 /* Resources */,
			);
			buildRules = (
			);
			dependencies = (
				771ACDF022BC6CA500109409 /* PBXTargetDependency */,
			);
			name = BGXRetailAppTests;
			productName = BGXRetailAppTests;
			productReference = 771ACDEE22BC6CA500109409 /* BGXRetailAppTests.xctest */;
			productType = "com.apple.product-type.bundle.unit-test";
		};
		9E6AA00822BF380B00BCFE77 /* DesignableUI */ = {
			isa = PBXNativeTarget;
			buildConfigurationList = 9E6AA01522BF380C00BCFE77 /* Build configuration list for PBXNativeTarget "DesignableUI" */;
			buildPhases = (
				9E6AA00422BF380B00BCFE77 /* Headers */,
				9E6AA00522BF380B00BCFE77 /* Sources */,
				9E6AA00622BF380B00BCFE77 /* Frameworks */,
				9E6AA00722BF380B00BCFE77 /* Resources */,
			);
			buildRules = (
			);
			dependencies = (
			);
			name = DesignableUI;
			productName = DesignableUI;
			productReference = 9E6AA00922BF380B00BCFE77 /* DesignableUI.framework */;
			productType = "com.apple.product-type.framework";
		};
/* End PBXNativeTarget section */

/* Begin PBXProject section */
		771ACDD222BC6C9F00109409 /* Project object */ = {
			isa = PBXProject;
			attributes = {
				LastSwiftUpdateCheck = 1020;
				LastUpgradeCheck = 1020;
				ORGANIZATIONNAME = "Beagleworx Labs";
				TargetAttributes = {
					771ACDD922BC6C9F00109409 = {
						CreatedOnToolsVersion = 10.2.1;
					};
					771ACDED22BC6CA500109409 = {
						CreatedOnToolsVersion = 10.2.1;
						TestTargetID = 771ACDD922BC6C9F00109409;
					};
					9E6AA00822BF380B00BCFE77 = {
						CreatedOnToolsVersion = 11.0;
						LastSwiftMigration = 1100;
					};
				};
			};
			buildConfigurationList = 771ACDD522BC6C9F00109409 /* Build configuration list for PBXProject "BGXRetailApp" */;
			compatibilityVersion = "Xcode 9.3";
			developmentRegion = en;
			hasScannedForEncodings = 0;
			knownRegions = (
				en,
				Base,
			);
			mainGroup = 771ACDD122BC6C9F00109409;
			productRefGroup = 771ACDDB22BC6C9F00109409 /* Products */;
			projectDirPath = "";
			projectRoot = "";
			targets = (
				771ACDD922BC6C9F00109409 /* BGXRetailApp */,
				771ACDED22BC6CA500109409 /* BGXRetailAppTests */,
				9E6AA00822BF380B00BCFE77 /* DesignableUI */,
			);
		};
/* End PBXProject section */

/* Begin PBXResourcesBuildPhase section */
		771ACDD822BC6C9F00109409 /* Resources */ = {
			isa = PBXResourcesBuildPhase;
			buildActionMask = 2147483647;
			files = (
				9E53F0CF22C6204C0064D2CB /* Main.storyboard in Resources */,
				771ACDE822BC6CA500109409 /* LaunchScreen.storyboard in Resources */,
				771ACDE522BC6CA500109409 /* Assets.xcassets in Resources */,
			);
			runOnlyForDeploymentPostprocessing = 0;
		};
		771ACDEC22BC6CA500109409 /* Resources */ = {
			isa = PBXResourcesBuildPhase;
			buildActionMask = 2147483647;
			files = (
			);
			runOnlyForDeploymentPostprocessing = 0;
		};
		9E6AA00722BF380B00BCFE77 /* Resources */ = {
			isa = PBXResourcesBuildPhase;
			buildActionMask = 2147483647;
			files = (
			);
			runOnlyForDeploymentPostprocessing = 0;
		};
/* End PBXResourcesBuildPhase section */

/* Begin PBXSourcesBuildPhase section */
		771ACDD622BC6C9F00109409 /* Sources */ = {
			isa = PBXSourcesBuildPhase;
			buildActionMask = 2147483647;
			files = (
				779EC43B22BCA2AC000A1255 /* FeaturedCell.swift in Sources */,
				776E462222BCAB2B00603693 /* FeaturedStoreData.swift in Sources */,
				9E6AA01B22BF731700BCFE77 /* UIView+Extensions.swift in Sources */,
				771ACDE022BC6C9F00109409 /* ViewController.swift in Sources */,
				771ACDDE22BC6C9F00109409 /* AppDelegate.swift in Sources */,
			);
			runOnlyForDeploymentPostprocessing = 0;
		};
		771ACDEA22BC6CA500109409 /* Sources */ = {
			isa = PBXSourcesBuildPhase;
			buildActionMask = 2147483647;
			files = (
				771ACDF322BC6CA500109409 /* BGXRetailAppTests.swift in Sources */,
			);
			runOnlyForDeploymentPostprocessing = 0;
		};
		9E6AA00522BF380B00BCFE77 /* Sources */ = {
			isa = PBXSourcesBuildPhase;
			buildActionMask = 2147483647;
			files = (
				9E6AA01822BF384E00BCFE77 /* RoundedCornerImageView.swift in Sources */,
			);
			runOnlyForDeploymentPostprocessing = 0;
		};
/* End PBXSourcesBuildPhase section */

/* Begin PBXTargetDependency section */
		771ACDF022BC6CA500109409 /* PBXTargetDependency */ = {
			isa = PBXTargetDependency;
			target = 771ACDD922BC6C9F00109409 /* BGXRetailApp */;
			targetProxy = 771ACDEF22BC6CA500109409 /* PBXContainerItemProxy */;
		};
		9E6AA00F22BF380C00BCFE77 /* PBXTargetDependency */ = {
			isa = PBXTargetDependency;
			target = 9E6AA00822BF380B00BCFE77 /* DesignableUI */;
			targetProxy = 9E6AA00E22BF380C00BCFE77 /* PBXContainerItemProxy */;
		};
/* End PBXTargetDependency section */

/* Begin PBXVariantGroup section */
		771ACDE622BC6CA500109409 /* LaunchScreen.storyboard */ = {
			isa = PBXVariantGroup;
			children = (
				771ACDE722BC6CA500109409 /* Base */,
			);
			name = LaunchScreen.storyboard;
			sourceTree = "<group>";
		};
		9E53F0CD22C6204C0064D2CB /* Main.storyboard */ = {
			isa = PBXVariantGroup;
			children = (
				9E53F0CE22C6204C0064D2CB /* Base */,
			);
			name = Main.storyboard;
			sourceTree = "<group>";
		};
/* End PBXVariantGroup section */

/* Begin XCBuildConfiguration section */
		771ACDF522BC6CA500109409 /* Debug */ = {
			isa = XCBuildConfiguration;
			buildSettings = {
				ALWAYS_SEARCH_USER_PATHS = NO;
				CLANG_ANALYZER_NONNULL = YES;
				CLANG_ANALYZER_NUMBER_OBJECT_CONVERSION = YES_AGGRESSIVE;
				CLANG_CXX_LANGUAGE_STANDARD = "gnu++14";
				CLANG_CXX_LIBRARY = "libc++";
				CLANG_ENABLE_MODULES = YES;
				CLANG_ENABLE_OBJC_ARC = YES;
				CLANG_ENABLE_OBJC_WEAK = YES;
				CLANG_WARN_BLOCK_CAPTURE_AUTORELEASING = YES;
				CLANG_WARN_BOOL_CONVERSION = YES;
				CLANG_WARN_COMMA = YES;
				CLANG_WARN_CONSTANT_CONVERSION = YES;
				CLANG_WARN_DEPRECATED_OBJC_IMPLEMENTATIONS = YES;
				CLANG_WARN_DIRECT_OBJC_ISA_USAGE = YES_ERROR;
				CLANG_WARN_DOCUMENTATION_COMMENTS = YES;
				CLANG_WARN_EMPTY_BODY = YES;
				CLANG_WARN_ENUM_CONVERSION = YES;
				CLANG_WARN_INFINITE_RECURSION = YES;
				CLANG_WARN_INT_CONVERSION = YES;
				CLANG_WARN_NON_LITERAL_NULL_CONVERSION = YES;
				CLANG_WARN_OBJC_IMPLICIT_RETAIN_SELF = YES;
				CLANG_WARN_OBJC_LITERAL_CONVERSION = YES;
				CLANG_WARN_OBJC_ROOT_CLASS = YES_ERROR;
				CLANG_WARN_RANGE_LOOP_ANALYSIS = YES;
				CLANG_WARN_STRICT_PROTOTYPES = YES;
				CLANG_WARN_SUSPICIOUS_MOVE = YES;
				CLANG_WARN_UNGUARDED_AVAILABILITY = YES_AGGRESSIVE;
				CLANG_WARN_UNREACHABLE_CODE = YES;
				CLANG_WARN__DUPLICATE_METHOD_MATCH = YES;
				CODE_SIGN_IDENTITY = "iPhone Developer";
				COPY_PHASE_STRIP = NO;
				DEBUG_INFORMATION_FORMAT = dwarf;
				ENABLE_STRICT_OBJC_MSGSEND = YES;
				ENABLE_TESTABILITY = YES;
				GCC_C_LANGUAGE_STANDARD = gnu11;
				GCC_DYNAMIC_NO_PIC = NO;
				GCC_NO_COMMON_BLOCKS = YES;
				GCC_OPTIMIZATION_LEVEL = 0;
				GCC_PREPROCESSOR_DEFINITIONS = (
					"DEBUG=1",
					"$(inherited)",
				);
				GCC_WARN_64_TO_32_BIT_CONVERSION = YES;
				GCC_WARN_ABOUT_RETURN_TYPE = YES_ERROR;
				GCC_WARN_UNDECLARED_SELECTOR = YES;
				GCC_WARN_UNINITIALIZED_AUTOS = YES_AGGRESSIVE;
				GCC_WARN_UNUSED_FUNCTION = YES;
				GCC_WARN_UNUSED_VARIABLE = YES;
				IPHONEOS_DEPLOYMENT_TARGET = 12.2;
				MTL_ENABLE_DEBUG_INFO = INCLUDE_SOURCE;
				MTL_FAST_MATH = YES;
				ONLY_ACTIVE_ARCH = YES;
				SDKROOT = iphoneos;
				SWIFT_ACTIVE_COMPILATION_CONDITIONS = DEBUG;
				SWIFT_OPTIMIZATION_LEVEL = "-Onone";
			};
			name = Debug;
		};
		771ACDF622BC6CA500109409 /* Release */ = {
			isa = XCBuildConfiguration;
			buildSettings = {
				ALWAYS_SEARCH_USER_PATHS = NO;
				CLANG_ANALYZER_NONNULL = YES;
				CLANG_ANALYZER_NUMBER_OBJECT_CONVERSION = YES_AGGRESSIVE;
				CLANG_CXX_LANGUAGE_STANDARD = "gnu++14";
				CLANG_CXX_LIBRARY = "libc++";
				CLANG_ENABLE_MODULES = YES;
				CLANG_ENABLE_OBJC_ARC = YES;
				CLANG_ENABLE_OBJC_WEAK = YES;
				CLANG_WARN_BLOCK_CAPTURE_AUTORELEASING = YES;
				CLANG_WARN_BOOL_CONVERSION = YES;
				CLANG_WARN_COMMA = YES;
				CLANG_WARN_CONSTANT_CONVERSION = YES;
				CLANG_WARN_DEPRECATED_OBJC_IMPLEMENTATIONS = YES;
				CLANG_WARN_DIRECT_OBJC_ISA_USAGE = YES_ERROR;
				CLANG_WARN_DOCUMENTATION_COMMENTS = YES;
				CLANG_WARN_EMPTY_BODY = YES;
				CLANG_WARN_ENUM_CONVERSION = YES;
				CLANG_WARN_INFINITE_RECURSION = YES;
				CLANG_WARN_INT_CONVERSION = YES;
				CLANG_WARN_NON_LITERAL_NULL_CONVERSION = YES;
				CLANG_WARN_OBJC_IMPLICIT_RETAIN_SELF = YES;
				CLANG_WARN_OBJC_LITERAL_CONVERSION = YES;
				CLANG_WARN_OBJC_ROOT_CLASS = YES_ERROR;
				CLANG_WARN_RANGE_LOOP_ANALYSIS = YES;
				CLANG_WARN_STRICT_PROTOTYPES = YES;
				CLANG_WARN_SUSPICIOUS_MOVE = YES;
				CLANG_WARN_UNGUARDED_AVAILABILITY = YES_AGGRESSIVE;
				CLANG_WARN_UNREACHABLE_CODE = YES;
				CLANG_WARN__DUPLICATE_METHOD_MATCH = YES;
				CODE_SIGN_IDENTITY = "iPhone Developer";
				COPY_PHASE_STRIP = NO;
				DEBUG_INFORMATION_FORMAT = "dwarf-with-dsym";
				ENABLE_NS_ASSERTIONS = NO;
				ENABLE_STRICT_OBJC_MSGSEND = YES;
				GCC_C_LANGUAGE_STANDARD = gnu11;
				GCC_NO_COMMON_BLOCKS = YES;
				GCC_WARN_64_TO_32_BIT_CONVERSION = YES;
				GCC_WARN_ABOUT_RETURN_TYPE = YES_ERROR;
				GCC_WARN_UNDECLARED_SELECTOR = YES;
				GCC_WARN_UNINITIALIZED_AUTOS = YES_AGGRESSIVE;
				GCC_WARN_UNUSED_FUNCTION = YES;
				GCC_WARN_UNUSED_VARIABLE = YES;
				IPHONEOS_DEPLOYMENT_TARGET = 12.2;
				MTL_ENABLE_DEBUG_INFO = NO;
				MTL_FAST_MATH = YES;
				SDKROOT = iphoneos;
				SWIFT_COMPILATION_MODE = wholemodule;
				SWIFT_OPTIMIZATION_LEVEL = "-O";
				VALIDATE_PRODUCT = YES;
			};
			name = Release;
		};
		771ACDF822BC6CA500109409 /* Debug */ = {
			isa = XCBuildConfiguration;
			buildSettings = {
				ALWAYS_EMBED_SWIFT_STANDARD_LIBRARIES = YES;
				ASSETCATALOG_COMPILER_APPICON_NAME = AppIcon;
				CODE_SIGN_STYLE = Automatic;
				DEVELOPMENT_TEAM = 3R7592ZX46;
				INFOPLIST_FILE = BGXRetailApp/Info.plist;
				IPHONEOS_DEPLOYMENT_TARGET = 12.4;
				LD_RUNPATH_SEARCH_PATHS = (
					"$(inherited)",
					"@executable_path/Frameworks",
				);
				PRODUCT_BUNDLE_IDENTIFIER = com.beagleworx.BGXRetailApp;
				PRODUCT_NAME = "$(TARGET_NAME)";
				SWIFT_VERSION = 5.0;
				TARGETED_DEVICE_FAMILY = "1,2";
			};
			name = Debug;
		};
		771ACDF922BC6CA500109409 /* Release */ = {
			isa = XCBuildConfiguration;
			buildSettings = {
				ALWAYS_EMBED_SWIFT_STANDARD_LIBRARIES = YES;
				ASSETCATALOG_COMPILER_APPICON_NAME = AppIcon;
				CODE_SIGN_STYLE = Automatic;
				DEVELOPMENT_TEAM = 3R7592ZX46;
				INFOPLIST_FILE = BGXRetailApp/Info.plist;
				IPHONEOS_DEPLOYMENT_TARGET = 12.4;
				LD_RUNPATH_SEARCH_PATHS = (
					"$(inherited)",
					"@executable_path/Frameworks",
				);
				PRODUCT_BUNDLE_IDENTIFIER = com.beagleworx.BGXRetailApp;
				PRODUCT_NAME = "$(TARGET_NAME)";
				SWIFT_VERSION = 5.0;
				TARGETED_DEVICE_FAMILY = "1,2";
			};
			name = Release;
		};
		771ACDFB22BC6CA500109409 /* Debug */ = {
			isa = XCBuildConfiguration;
			buildSettings = {
				ALWAYS_EMBED_SWIFT_STANDARD_LIBRARIES = YES;
				BUNDLE_LOADER = "$(TEST_HOST)";
				CODE_SIGN_STYLE = Automatic;
				DEVELOPMENT_TEAM = 3R7592ZX46;
				INFOPLIST_FILE = BGXRetailAppTests/Info.plist;
				LD_RUNPATH_SEARCH_PATHS = (
					"$(inherited)",
					"@executable_path/Frameworks",
					"@loader_path/Frameworks",
				);
				PRODUCT_BUNDLE_IDENTIFIER = com.beagleworx.BGXRetailAppTests;
				PRODUCT_NAME = "$(TARGET_NAME)";
				SWIFT_VERSION = 5.0;
				TARGETED_DEVICE_FAMILY = "1,2";
				TEST_HOST = "$(BUILT_PRODUCTS_DIR)/BGXRetailApp.app/BGXRetailApp";
			};
			name = Debug;
		};
		771ACDFC22BC6CA500109409 /* Release */ = {
			isa = XCBuildConfiguration;
			buildSettings = {
				ALWAYS_EMBED_SWIFT_STANDARD_LIBRARIES = YES;
				BUNDLE_LOADER = "$(TEST_HOST)";
				CODE_SIGN_STYLE = Automatic;
				DEVELOPMENT_TEAM = 3R7592ZX46;
				INFOPLIST_FILE = BGXRetailAppTests/Info.plist;
				LD_RUNPATH_SEARCH_PATHS = (
					"$(inherited)",
					"@executable_path/Frameworks",
					"@loader_path/Frameworks",
				);
				PRODUCT_BUNDLE_IDENTIFIER = com.beagleworx.BGXRetailAppTests;
				PRODUCT_NAME = "$(TARGET_NAME)";
				SWIFT_VERSION = 5.0;
				TARGETED_DEVICE_FAMILY = "1,2";
				TEST_HOST = "$(BUILT_PRODUCTS_DIR)/BGXRetailApp.app/BGXRetailApp";
			};
			name = Release;
		};
		9E6AA01322BF380C00BCFE77 /* Debug */ = {
			isa = XCBuildConfiguration;
			buildSettings = {
				CLANG_ENABLE_MODULES = YES;
				CODE_SIGN_STYLE = Automatic;
				CURRENT_PROJECT_VERSION = 1;
				DEFINES_MODULE = YES;
				DEVELOPMENT_TEAM = 3R7592ZX46;
				DYLIB_COMPATIBILITY_VERSION = 1;
				DYLIB_CURRENT_VERSION = 1;
				DYLIB_INSTALL_NAME_BASE = "@rpath";
				INFOPLIST_FILE = DesignableUI/Info.plist;
				INSTALL_PATH = "$(LOCAL_LIBRARY_DIR)/Frameworks";
				IPHONEOS_DEPLOYMENT_TARGET = 12.4;
				LD_RUNPATH_SEARCH_PATHS = (
					"$(inherited)",
					"@executable_path/Frameworks",
					"@loader_path/Frameworks",
				);
				PRODUCT_BUNDLE_IDENTIFIER = com.beagleworx.DesignableUI;
				PRODUCT_NAME = "$(TARGET_NAME:c99extidentifier)";
				SKIP_INSTALL = YES;
				SWIFT_OPTIMIZATION_LEVEL = "-Onone";
				SWIFT_VERSION = 5.0;
				TARGETED_DEVICE_FAMILY = "1,2";
				VERSIONING_SYSTEM = "apple-generic";
				VERSION_INFO_PREFIX = "";
			};
			name = Debug;
		};
		9E6AA01422BF380C00BCFE77 /* Release */ = {
			isa = XCBuildConfiguration;
			buildSettings = {
				CLANG_ENABLE_MODULES = YES;
				CODE_SIGN_STYLE = Automatic;
				CURRENT_PROJECT_VERSION = 1;
				DEFINES_MODULE = YES;
				DEVELOPMENT_TEAM = 3R7592ZX46;
				DYLIB_COMPATIBILITY_VERSION = 1;
				DYLIB_CURRENT_VERSION = 1;
				DYLIB_INSTALL_NAME_BASE = "@rpath";
				INFOPLIST_FILE = DesignableUI/Info.plist;
				INSTALL_PATH = "$(LOCAL_LIBRARY_DIR)/Frameworks";
				IPHONEOS_DEPLOYMENT_TARGET = 12.4;
				LD_RUNPATH_SEARCH_PATHS = (
					"$(inherited)",
					"@executable_path/Frameworks",
					"@loader_path/Frameworks",
				);
				PRODUCT_BUNDLE_IDENTIFIER = com.beagleworx.DesignableUI;
				PRODUCT_NAME = "$(TARGET_NAME:c99extidentifier)";
				SKIP_INSTALL = YES;
				SWIFT_VERSION = 5.0;
				TARGETED_DEVICE_FAMILY = "1,2";
				VERSIONING_SYSTEM = "apple-generic";
				VERSION_INFO_PREFIX = "";
			};
			name = Release;
		};
/* End XCBuildConfiguration section */

/* Begin XCConfigurationList section */
		771ACDD522BC6C9F00109409 /* Build configuration list for PBXProject "BGXRetailApp" */ = {
			isa = XCConfigurationList;
			buildConfigurations = (
				771ACDF522BC6CA500109409 /* Debug */,
				771ACDF622BC6CA500109409 /* Release */,
			);
			defaultConfigurationIsVisible = 0;
			defaultConfigurationName = Release;
		};
		771ACDF722BC6CA500109409 /* Build configuration list for PBXNativeTarget "BGXRetailApp" */ = {
			isa = XCConfigurationList;
			buildConfigurations = (
				771ACDF822BC6CA500109409 /* Debug */,
				771ACDF922BC6CA500109409 /* Release */,
			);
			defaultConfigurationIsVisible = 0;
			defaultConfigurationName = Release;
		};
		771ACDFA22BC6CA500109409 /* Build configuration list for PBXNativeTarget "BGXRetailAppTests" */ = {
			isa = XCConfigurationList;
			buildConfigurations = (
				771ACDFB22BC6CA500109409 /* Debug */,
				771ACDFC22BC6CA500109409 /* Release */,
			);
			defaultConfigurationIsVisible = 0;
			defaultConfigurationName = Release;
		};
		9E6AA01522BF380C00BCFE77 /* Build configuration list for PBXNativeTarget "DesignableUI" */ = {
			isa = XCConfigurationList;
			buildConfigurations = (
				9E6AA01322BF380C00BCFE77 /* Debug */,
				9E6AA01422BF380C00BCFE77 /* Release */,
			);
			defaultConfigurationIsVisible = 0;
			defaultConfigurationName = Release;
		};
/* End XCConfigurationList section */
	};
	rootObject = 771ACDD222BC6C9F00109409 /* Project object */;
}
